// !$*UTF8*$!
{
	archiveVersion = 1;
	classes = {
	};
	objectVersion = 46;
	objects = {

/* Begin PBXBuildFile section */
		371F08601CE0FACD006EDE77 /* AppDelegate.swift in Sources */ = {isa = PBXBuildFile; fileRef = 371F085F1CE0FACD006EDE77 /* AppDelegate.swift */; };
		371F08651CE0FACD006EDE77 /* Main.storyboard in Resources */ = {isa = PBXBuildFile; fileRef = 371F08631CE0FACD006EDE77 /* Main.storyboard */; };
		371F08681CE0FACD006EDE77 /* StepCounter.xcdatamodeld in Sources */ = {isa = PBXBuildFile; fileRef = 371F08661CE0FACD006EDE77 /* StepCounter.xcdatamodeld */; };
		371F086A1CE0FACD006EDE77 /* Assets.xcassets in Resources */ = {isa = PBXBuildFile; fileRef = 371F08691CE0FACD006EDE77 /* Assets.xcassets */; };
		371F086D1CE0FACD006EDE77 /* LaunchScreen.storyboard in Resources */ = {isa = PBXBuildFile; fileRef = 371F086B1CE0FACD006EDE77 /* LaunchScreen.storyboard */; };
		371F08781CE0FACD006EDE77 /* StepCounterTests.swift in Sources */ = {isa = PBXBuildFile; fileRef = 371F08771CE0FACD006EDE77 /* StepCounterTests.swift */; };
		371F08831CE0FACD006EDE77 /* StepCounterUITests.swift in Sources */ = {isa = PBXBuildFile; fileRef = 371F08821CE0FACD006EDE77 /* StepCounterUITests.swift */; };
		371F08911CE0FB08006EDE77 /* ProgressBarView.swift in Sources */ = {isa = PBXBuildFile; fileRef = 371F08901CE0FB08006EDE77 /* ProgressBarView.swift */; };
		371F089B1CE1007E006EDE77 /* SessionData.swift in Sources */ = {isa = PBXBuildFile; fileRef = 371F089A1CE1007E006EDE77 /* SessionData.swift */; };
		371F089F1CE10240006EDE77 /* SessionsTableViewController.swift in Sources */ = {isa = PBXBuildFile; fileRef = 371F089E1CE10240006EDE77 /* SessionsTableViewController.swift */; };
		371F08A11CE10548006EDE77 /* HistoryTableViewController.swift in Sources */ = {isa = PBXBuildFile; fileRef = 371F08A01CE10548006EDE77 /* HistoryTableViewController.swift */; };
		371F08A31CE1070A006EDE77 /* WalkViewController.swift in Sources */ = {isa = PBXBuildFile; fileRef = 371F08A21CE1070A006EDE77 /* WalkViewController.swift */; };
		377D20C61CE1479100F80559 /* Walk.swift in Sources */ = {isa = PBXBuildFile; fileRef = 377D20C41CE1479100F80559 /* Walk.swift */; };
		377D20C71CE1479100F80559 /* Walks.plist in Resources */ = {isa = PBXBuildFile; fileRef = 377D20C51CE1479100F80559 /* Walks.plist */; };
		37AE11441CE1ECF900E20ED1 /* Interface.storyboard in Resources */ = {isa = PBXBuildFile; fileRef = 37AE11421CE1ECF900E20ED1 /* Interface.storyboard */; };
		37AE11461CE1ECF900E20ED1 /* Assets.xcassets in Resources */ = {isa = PBXBuildFile; fileRef = 37AE11451CE1ECF900E20ED1 /* Assets.xcassets */; };
		37AE114D1CE1ECF900E20ED1 /* StepCounter WatchKit Extension.appex in Embed App Extensions */ = {isa = PBXBuildFile; fileRef = 37AE114C1CE1ECF900E20ED1 /* StepCounter WatchKit Extension.appex */; settings = {ATTRIBUTES = (RemoveHeadersOnCopy, ); }; };
		37AE11541CE1ECF900E20ED1 /* InterfaceController.swift in Sources */ = {isa = PBXBuildFile; fileRef = 37AE11531CE1ECF900E20ED1 /* InterfaceController.swift */; };
		37AE11561CE1ECF900E20ED1 /* ExtensionDelegate.swift in Sources */ = {isa = PBXBuildFile; fileRef = 37AE11551CE1ECF900E20ED1 /* ExtensionDelegate.swift */; };
		37AE115A1CE1ECF900E20ED1 /* Assets.xcassets in Resources */ = {isa = PBXBuildFile; fileRef = 37AE11591CE1ECF900E20ED1 /* Assets.xcassets */; };
		37AE115E1CE1ECF900E20ED1 /* StepCounter WatchKit.app in Embed Watch Content */ = {isa = PBXBuildFile; fileRef = 37AE11401CE1ECF900E20ED1 /* StepCounter WatchKit.app */; };
		37AE11681CE1F9F200E20ED1 /* PedometerData.swift in Sources */ = {isa = PBXBuildFile; fileRef = 37AE11671CE1F9F200E20ED1 /* PedometerData.swift */; };
		37AE116A1CE1FEF700E20ED1 /* WalkRowController.swift in Sources */ = {isa = PBXBuildFile; fileRef = 37AE11691CE1FEF700E20ED1 /* WalkRowController.swift */; };
		37AE116C1CE1FF7D00E20ED1 /* PageInterfaceController.swift in Sources */ = {isa = PBXBuildFile; fileRef = 37AE116B1CE1FF7D00E20ED1 /* PageInterfaceController.swift */; };
		37AE116D1CE2001400E20ED1 /* Walk.swift in Sources */ = {isa = PBXBuildFile; fileRef = 377D20C41CE1479100F80559 /* Walk.swift */; };
		37AE116F1CE204AF00E20ED1 /* Calendar.swift in Sources */ = {isa = PBXBuildFile; fileRef = 37AE116E1CE204AF00E20ED1 /* Calendar.swift */; };
		37AE11701CE209B100E20ED1 /* Walks.plist in Resources */ = {isa = PBXBuildFile; fileRef = 377D20C51CE1479100F80559 /* Walks.plist */; };
		37AE11741CE2374F00E20ED1 /* SessionDataXML.swift in Sources */ = {isa = PBXBuildFile; fileRef = 37AE11731CE2374F00E20ED1 /* SessionDataXML.swift */; };
		37AE11761CE33CD600E20ED1 /* HistoryData.plist in Resources */ = {isa = PBXBuildFile; fileRef = 37AE11751CE33CD600E20ED1 /* HistoryData.plist */; };
		37AE11771CE3513600E20ED1 /* HistoryData.plist in Resources */ = {isa = PBXBuildFile; fileRef = 37AE11751CE33CD600E20ED1 /* HistoryData.plist */; };
		37AE11781CE3515C00E20ED1 /* SessionDataXML.swift in Sources */ = {isa = PBXBuildFile; fileRef = 37AE11731CE2374F00E20ED1 /* SessionDataXML.swift */; };
		37AE11791CE3548500E20ED1 /* SessionData.swift in Sources */ = {isa = PBXBuildFile; fileRef = 371F089A1CE1007E006EDE77 /* SessionData.swift */; };
/* End PBXBuildFile section */

/* Begin PBXContainerItemProxy section */
		371F08741CE0FACD006EDE77 /* PBXContainerItemProxy */ = {
			isa = PBXContainerItemProxy;
			containerPortal = 371F08541CE0FACD006EDE77 /* Project object */;
			proxyType = 1;
			remoteGlobalIDString = 371F085B1CE0FACD006EDE77;
			remoteInfo = StepCounter;
		};
		371F087F1CE0FACD006EDE77 /* PBXContainerItemProxy */ = {
			isa = PBXContainerItemProxy;
			containerPortal = 371F08541CE0FACD006EDE77 /* Project object */;
			proxyType = 1;
			remoteGlobalIDString = 371F085B1CE0FACD006EDE77;
			remoteInfo = StepCounter;
		};
		37AE114E1CE1ECF900E20ED1 /* PBXContainerItemProxy */ = {
			isa = PBXContainerItemProxy;
			containerPortal = 371F08541CE0FACD006EDE77 /* Project object */;
			proxyType = 1;
			remoteGlobalIDString = 37AE114B1CE1ECF900E20ED1;
			remoteInfo = "StepCounter WatchKit Extension";
		};
		37AE115C1CE1ECF900E20ED1 /* PBXContainerItemProxy */ = {
			isa = PBXContainerItemProxy;
			containerPortal = 371F08541CE0FACD006EDE77 /* Project object */;
			proxyType = 1;
			remoteGlobalIDString = 37AE113F1CE1ECF900E20ED1;
			remoteInfo = "StepCounter WatchKit";
		};
/* End PBXContainerItemProxy section */

/* Begin PBXCopyFilesBuildPhase section */
		37AE11621CE1ECF900E20ED1 /* Embed App Extensions */ = {
			isa = PBXCopyFilesBuildPhase;
			buildActionMask = 2147483647;
			dstPath = "";
			dstSubfolderSpec = 13;
			files = (
				37AE114D1CE1ECF900E20ED1 /* StepCounter WatchKit Extension.appex in Embed App Extensions */,
			);
			name = "Embed App Extensions";
			runOnlyForDeploymentPostprocessing = 0;
		};
		37AE11661CE1ECF900E20ED1 /* Embed Watch Content */ = {
			isa = PBXCopyFilesBuildPhase;
			buildActionMask = 2147483647;
			dstPath = "$(CONTENTS_FOLDER_PATH)/Watch";
			dstSubfolderSpec = 16;
			files = (
				37AE115E1CE1ECF900E20ED1 /* StepCounter WatchKit.app in Embed Watch Content */,
			);
			name = "Embed Watch Content";
			runOnlyForDeploymentPostprocessing = 0;
		};
/* End PBXCopyFilesBuildPhase section */

/* Begin PBXFileReference section */
		371F085C1CE0FACD006EDE77 /* StepCounter.app */ = {isa = PBXFileReference; explicitFileType = wrapper.application; includeInIndex = 0; path = StepCounter.app; sourceTree = BUILT_PRODUCTS_DIR; };
		371F085F1CE0FACD006EDE77 /* AppDelegate.swift */ = {isa = PBXFileReference; lastKnownFileType = sourcecode.swift; path = AppDelegate.swift; sourceTree = "<group>"; };
		371F08641CE0FACD006EDE77 /* Base */ = {isa = PBXFileReference; lastKnownFileType = file.storyboard; name = Base; path = Base.lproj/Main.storyboard; sourceTree = "<group>"; };
		371F08671CE0FACD006EDE77 /* StepCounter.xcdatamodel */ = {isa = PBXFileReference; lastKnownFileType = wrapper.xcdatamodel; path = StepCounter.xcdatamodel; sourceTree = "<group>"; };
		371F08691CE0FACD006EDE77 /* Assets.xcassets */ = {isa = PBXFileReference; lastKnownFileType = folder.assetcatalog; path = Assets.xcassets; sourceTree = "<group>"; };
		371F086C1CE0FACD006EDE77 /* Base */ = {isa = PBXFileReference; lastKnownFileType = file.storyboard; name = Base; path = Base.lproj/LaunchScreen.storyboard; sourceTree = "<group>"; };
		371F086E1CE0FACD006EDE77 /* Info.plist */ = {isa = PBXFileReference; lastKnownFileType = text.plist.xml; path = Info.plist; sourceTree = "<group>"; };
		371F08731CE0FACD006EDE77 /* StepCounterTests.xctest */ = {isa = PBXFileReference; explicitFileType = wrapper.cfbundle; includeInIndex = 0; path = StepCounterTests.xctest; sourceTree = BUILT_PRODUCTS_DIR; };
		371F08771CE0FACD006EDE77 /* StepCounterTests.swift */ = {isa = PBXFileReference; lastKnownFileType = sourcecode.swift; path = StepCounterTests.swift; sourceTree = "<group>"; };
		371F08791CE0FACD006EDE77 /* Info.plist */ = {isa = PBXFileReference; lastKnownFileType = text.plist.xml; path = Info.plist; sourceTree = "<group>"; };
		371F087E1CE0FACD006EDE77 /* StepCounterUITests.xctest */ = {isa = PBXFileReference; explicitFileType = wrapper.cfbundle; includeInIndex = 0; path = StepCounterUITests.xctest; sourceTree = BUILT_PRODUCTS_DIR; };
		371F08821CE0FACD006EDE77 /* StepCounterUITests.swift */ = {isa = PBXFileReference; lastKnownFileType = sourcecode.swift; path = StepCounterUITests.swift; sourceTree = "<group>"; };
		371F08841CE0FACD006EDE77 /* Info.plist */ = {isa = PBXFileReference; lastKnownFileType = text.plist.xml; path = Info.plist; sourceTree = "<group>"; };
		371F08901CE0FB08006EDE77 /* ProgressBarView.swift */ = {isa = PBXFileReference; fileEncoding = 4; lastKnownFileType = sourcecode.swift; path = ProgressBarView.swift; sourceTree = "<group>"; };
		371F089A1CE1007E006EDE77 /* SessionData.swift */ = {isa = PBXFileReference; fileEncoding = 4; lastKnownFileType = sourcecode.swift; path = SessionData.swift; sourceTree = "<group>"; };
		371F089E1CE10240006EDE77 /* SessionsTableViewController.swift */ = {isa = PBXFileReference; fileEncoding = 4; lastKnownFileType = sourcecode.swift; path = SessionsTableViewController.swift; sourceTree = "<group>"; };
		371F08A01CE10548006EDE77 /* HistoryTableViewController.swift */ = {isa = PBXFileReference; fileEncoding = 4; lastKnownFileType = sourcecode.swift; path = HistoryTableViewController.swift; sourceTree = "<group>"; };
		371F08A21CE1070A006EDE77 /* WalkViewController.swift */ = {isa = PBXFileReference; fileEncoding = 4; lastKnownFileType = sourcecode.swift; path = WalkViewController.swift; sourceTree = "<group>"; };
		377D20C41CE1479100F80559 /* Walk.swift */ = {isa = PBXFileReference; fileEncoding = 4; lastKnownFileType = sourcecode.swift; name = Walk.swift; path = StepCounter/Walk.swift; sourceTree = "<group>"; };
		377D20C51CE1479100F80559 /* Walks.plist */ = {isa = PBXFileReference; fileEncoding = 4; lastKnownFileType = text.plist.xml; name = Walks.plist; path = StepCounter/Walks.plist; sourceTree = "<group>"; };
		37AE11401CE1ECF900E20ED1 /* StepCounter WatchKit.app */ = {isa = PBXFileReference; explicitFileType = wrapper.application; includeInIndex = 0; path = "StepCounter WatchKit.app"; sourceTree = BUILT_PRODUCTS_DIR; };
		37AE11431CE1ECF900E20ED1 /* Base */ = {isa = PBXFileReference; lastKnownFileType = file.storyboard; name = Base; path = Base.lproj/Interface.storyboard; sourceTree = "<group>"; };
		37AE11451CE1ECF900E20ED1 /* Assets.xcassets */ = {isa = PBXFileReference; lastKnownFileType = folder.assetcatalog; path = Assets.xcassets; sourceTree = "<group>"; };
		37AE11471CE1ECF900E20ED1 /* Info.plist */ = {isa = PBXFileReference; lastKnownFileType = text.plist.xml; path = Info.plist; sourceTree = "<group>"; };
		37AE114C1CE1ECF900E20ED1 /* StepCounter WatchKit Extension.appex */ = {isa = PBXFileReference; explicitFileType = "wrapper.app-extension"; includeInIndex = 0; path = "StepCounter WatchKit Extension.appex"; sourceTree = BUILT_PRODUCTS_DIR; };
		37AE11521CE1ECF900E20ED1 /* PushNotificationPayload.apns */ = {isa = PBXFileReference; lastKnownFileType = text; path = PushNotificationPayload.apns; sourceTree = "<group>"; };
		37AE11531CE1ECF900E20ED1 /* InterfaceController.swift */ = {isa = PBXFileReference; lastKnownFileType = sourcecode.swift; path = InterfaceController.swift; sourceTree = "<group>"; };
		37AE11551CE1ECF900E20ED1 /* ExtensionDelegate.swift */ = {isa = PBXFileReference; lastKnownFileType = sourcecode.swift; path = ExtensionDelegate.swift; sourceTree = "<group>"; };
		37AE11591CE1ECF900E20ED1 /* Assets.xcassets */ = {isa = PBXFileReference; lastKnownFileType = folder.assetcatalog; path = Assets.xcassets; sourceTree = "<group>"; };
		37AE115B1CE1ECF900E20ED1 /* Info.plist */ = {isa = PBXFileReference; lastKnownFileType = text.plist.xml; path = Info.plist; sourceTree = "<group>"; };
		37AE11671CE1F9F200E20ED1 /* PedometerData.swift */ = {isa = PBXFileReference; fileEncoding = 4; lastKnownFileType = sourcecode.swift; path = PedometerData.swift; sourceTree = "<group>"; };
		37AE11691CE1FEF700E20ED1 /* WalkRowController.swift */ = {isa = PBXFileReference; fileEncoding = 4; lastKnownFileType = sourcecode.swift; path = WalkRowController.swift; sourceTree = "<group>"; };
		37AE116B1CE1FF7D00E20ED1 /* PageInterfaceController.swift */ = {isa = PBXFileReference; fileEncoding = 4; lastKnownFileType = sourcecode.swift; path = PageInterfaceController.swift; sourceTree = "<group>"; };
		37AE116E1CE204AF00E20ED1 /* Calendar.swift */ = {isa = PBXFileReference; fileEncoding = 4; lastKnownFileType = sourcecode.swift; path = Calendar.swift; sourceTree = "<group>"; };
		37AE11731CE2374F00E20ED1 /* SessionDataXML.swift */ = {isa = PBXFileReference; fileEncoding = 4; lastKnownFileType = sourcecode.swift; path = SessionDataXML.swift; sourceTree = "<group>"; };
		37AE11751CE33CD600E20ED1 /* HistoryData.plist */ = {isa = PBXFileReference; fileEncoding = 4; lastKnownFileType = text.plist.xml; name = HistoryData.plist; path = StepCounter/HistoryData.plist; sourceTree = "<group>"; };
/* End PBXFileReference section */

/* Begin PBXFrameworksBuildPhase section */
		371F08591CE0FACD006EDE77 /* Frameworks */ = {
			isa = PBXFrameworksBuildPhase;
			buildActionMask = 2147483647;
			files = (
			);
			runOnlyForDeploymentPostprocessing = 0;
		};
		371F08701CE0FACD006EDE77 /* Frameworks */ = {
			isa = PBXFrameworksBuildPhase;
			buildActionMask = 2147483647;
			files = (
			);
			runOnlyForDeploymentPostprocessing = 0;
		};
		371F087B1CE0FACD006EDE77 /* Frameworks */ = {
			isa = PBXFrameworksBuildPhase;
			buildActionMask = 2147483647;
			files = (
			);
			runOnlyForDeploymentPostprocessing = 0;
		};
		37AE11491CE1ECF900E20ED1 /* Frameworks */ = {
			isa = PBXFrameworksBuildPhase;
			buildActionMask = 2147483647;
			files = (
			);
			runOnlyForDeploymentPostprocessing = 0;
		};
/* End PBXFrameworksBuildPhase section */

/* Begin PBXGroup section */
		371F08531CE0FACD006EDE77 = {
			isa = PBXGroup;
			children = (
				371F085E1CE0FACD006EDE77 /* StepCounter */,
				371F08761CE0FACD006EDE77 /* StepCounterTests */,
				371F08811CE0FACD006EDE77 /* StepCounterUITests */,
				377D20C31CE1477200F80559 /* Shared */,
				37AE11411CE1ECF900E20ED1 /* StepCounter WatchKit */,
				37AE11501CE1ECF900E20ED1 /* StepCounter WatchKit Extension */,
				371F085D1CE0FACD006EDE77 /* Products */,
			);
			sourceTree = "<group>";
		};
		371F085D1CE0FACD006EDE77 /* Products */ = {
			isa = PBXGroup;
			children = (
				371F085C1CE0FACD006EDE77 /* StepCounter.app */,
				371F08731CE0FACD006EDE77 /* StepCounterTests.xctest */,
				371F087E1CE0FACD006EDE77 /* StepCounterUITests.xctest */,
				37AE11401CE1ECF900E20ED1 /* StepCounter WatchKit.app */,
				37AE114C1CE1ECF900E20ED1 /* StepCounter WatchKit Extension.appex */,
			);
			name = Products;
			sourceTree = "<group>";
		};
		371F085E1CE0FACD006EDE77 /* StepCounter */ = {
			isa = PBXGroup;
			children = (
				371F085F1CE0FACD006EDE77 /* AppDelegate.swift */,
				371F08901CE0FB08006EDE77 /* ProgressBarView.swift */,
				371F08991CE0FF96006EDE77 /* Model */,
				371F08981CE0FF8D006EDE77 /* Controllers */,
				371F08631CE0FACD006EDE77 /* Main.storyboard */,
				371F08691CE0FACD006EDE77 /* Assets.xcassets */,
				371F086B1CE0FACD006EDE77 /* LaunchScreen.storyboard */,
				371F086E1CE0FACD006EDE77 /* Info.plist */,
				371F08661CE0FACD006EDE77 /* StepCounter.xcdatamodeld */,
			);
			path = StepCounter;
			sourceTree = "<group>";
		};
		371F08761CE0FACD006EDE77 /* StepCounterTests */ = {
			isa = PBXGroup;
			children = (
				371F08771CE0FACD006EDE77 /* StepCounterTests.swift */,
				371F08791CE0FACD006EDE77 /* Info.plist */,
			);
			path = StepCounterTests;
			sourceTree = "<group>";
		};
		371F08811CE0FACD006EDE77 /* StepCounterUITests */ = {
			isa = PBXGroup;
			children = (
				371F08821CE0FACD006EDE77 /* StepCounterUITests.swift */,
				371F08841CE0FACD006EDE77 /* Info.plist */,
			);
			path = StepCounterUITests;
			sourceTree = "<group>";
		};
		371F08981CE0FF8D006EDE77 /* Controllers */ = {
			isa = PBXGroup;
			children = (
				371F089E1CE10240006EDE77 /* SessionsTableViewController.swift */,
				371F08A01CE10548006EDE77 /* HistoryTableViewController.swift */,
				371F08A21CE1070A006EDE77 /* WalkViewController.swift */,
			);
			name = Controllers;
			sourceTree = "<group>";
		};
		371F08991CE0FF96006EDE77 /* Model */ = {
			isa = PBXGroup;
			children = (
				371F089A1CE1007E006EDE77 /* SessionData.swift */,
				37AE11731CE2374F00E20ED1 /* SessionDataXML.swift */,
			);
			name = Model;
			sourceTree = "<group>";
		};
		377D20C31CE1477200F80559 /* Shared */ = {
			isa = PBXGroup;
			children = (
				377D20C41CE1479100F80559 /* Walk.swift */,
				377D20C51CE1479100F80559 /* Walks.plist */,
				37AE11751CE33CD600E20ED1 /* HistoryData.plist */,
			);
			name = Shared;
			sourceTree = "<group>";
		};
		37AE11411CE1ECF900E20ED1 /* StepCounter WatchKit */ = {
			isa = PBXGroup;
			children = (
				37AE11421CE1ECF900E20ED1 /* Interface.storyboard */,
				37AE11451CE1ECF900E20ED1 /* Assets.xcassets */,
				37AE11471CE1ECF900E20ED1 /* Info.plist */,
			);
			path = "StepCounter WatchKit";
			sourceTree = "<group>";
		};
		37AE11501CE1ECF900E20ED1 /* StepCounter WatchKit Extension */ = {
			isa = PBXGroup;
			children = (
				37AE11671CE1F9F200E20ED1 /* PedometerData.swift */,
				37AE116E1CE204AF00E20ED1 /* Calendar.swift */,
				37AE11691CE1FEF700E20ED1 /* WalkRowController.swift */,
				37AE11531CE1ECF900E20ED1 /* InterfaceController.swift */,
				37AE116B1CE1FF7D00E20ED1 /* PageInterfaceController.swift */,
				37AE11591CE1ECF900E20ED1 /* Assets.xcassets */,
				37AE115B1CE1ECF900E20ED1 /* Info.plist */,
				37AE11551CE1ECF900E20ED1 /* ExtensionDelegate.swift */,
				37AE11511CE1ECF900E20ED1 /* Supporting Files */,
			);
			path = "StepCounter WatchKit Extension";
			sourceTree = "<group>";
		};
		37AE11511CE1ECF900E20ED1 /* Supporting Files */ = {
			isa = PBXGroup;
			children = (
				37AE11521CE1ECF900E20ED1 /* PushNotificationPayload.apns */,
			);
			name = "Supporting Files";
			sourceTree = "<group>";
		};
/* End PBXGroup section */

/* Begin PBXNativeTarget section */
		371F085B1CE0FACD006EDE77 /* StepCounter */ = {
			isa = PBXNativeTarget;
			buildConfigurationList = 371F08871CE0FACD006EDE77 /* Build configuration list for PBXNativeTarget "StepCounter" */;
			buildPhases = (
				371F08581CE0FACD006EDE77 /* Sources */,
				371F08591CE0FACD006EDE77 /* Frameworks */,
				371F085A1CE0FACD006EDE77 /* Resources */,
				37AE11661CE1ECF900E20ED1 /* Embed Watch Content */,
			);
			buildRules = (
			);
			dependencies = (
				37AE115D1CE1ECF900E20ED1 /* PBXTargetDependency */,
			);
			name = StepCounter;
			productName = StepCounter;
			productReference = 371F085C1CE0FACD006EDE77 /* StepCounter.app */;
			productType = "com.apple.product-type.application";
		};
		371F08721CE0FACD006EDE77 /* StepCounterTests */ = {
			isa = PBXNativeTarget;
			buildConfigurationList = 371F088A1CE0FACD006EDE77 /* Build configuration list for PBXNativeTarget "StepCounterTests" */;
			buildPhases = (
				371F086F1CE0FACD006EDE77 /* Sources */,
				371F08701CE0FACD006EDE77 /* Frameworks */,
				371F08711CE0FACD006EDE77 /* Resources */,
			);
			buildRules = (
			);
			dependencies = (
				371F08751CE0FACD006EDE77 /* PBXTargetDependency */,
			);
			name = StepCounterTests;
			productName = StepCounterTests;
			productReference = 371F08731CE0FACD006EDE77 /* StepCounterTests.xctest */;
			productType = "com.apple.product-type.bundle.unit-test";
		};
		371F087D1CE0FACD006EDE77 /* StepCounterUITests */ = {
			isa = PBXNativeTarget;
			buildConfigurationList = 371F088D1CE0FACD006EDE77 /* Build configuration list for PBXNativeTarget "StepCounterUITests" */;
			buildPhases = (
				371F087A1CE0FACD006EDE77 /* Sources */,
				371F087B1CE0FACD006EDE77 /* Frameworks */,
				371F087C1CE0FACD006EDE77 /* Resources */,
			);
			buildRules = (
			);
			dependencies = (
				371F08801CE0FACD006EDE77 /* PBXTargetDependency */,
			);
			name = StepCounterUITests;
			productName = StepCounterUITests;
			productReference = 371F087E1CE0FACD006EDE77 /* StepCounterUITests.xctest */;
			productType = "com.apple.product-type.bundle.ui-testing";
		};
		37AE113F1CE1ECF900E20ED1 /* StepCounter WatchKit */ = {
			isa = PBXNativeTarget;
			buildConfigurationList = 37AE11631CE1ECF900E20ED1 /* Build configuration list for PBXNativeTarget "StepCounter WatchKit" */;
			buildPhases = (
				37AE113E1CE1ECF900E20ED1 /* Resources */,
				37AE11621CE1ECF900E20ED1 /* Embed App Extensions */,
			);
			buildRules = (
			);
			dependencies = (
				37AE114F1CE1ECF900E20ED1 /* PBXTargetDependency */,
			);
			name = "StepCounter WatchKit";
			productName = "StepCounter WatchKit";
			productReference = 37AE11401CE1ECF900E20ED1 /* StepCounter WatchKit.app */;
			productType = "com.apple.product-type.application.watchapp2";
		};
		37AE114B1CE1ECF900E20ED1 /* StepCounter WatchKit Extension */ = {
			isa = PBXNativeTarget;
			buildConfigurationList = 37AE115F1CE1ECF900E20ED1 /* Build configuration list for PBXNativeTarget "StepCounter WatchKit Extension" */;
			buildPhases = (
				37AE11481CE1ECF900E20ED1 /* Sources */,
				37AE11491CE1ECF900E20ED1 /* Frameworks */,
				37AE114A1CE1ECF900E20ED1 /* Resources */,
			);
			buildRules = (
			);
			dependencies = (
			);
			name = "StepCounter WatchKit Extension";
			productName = "StepCounter WatchKit Extension";
			productReference = 37AE114C1CE1ECF900E20ED1 /* StepCounter WatchKit Extension.appex */;
			productType = "com.apple.product-type.watchkit2-extension";
		};
/* End PBXNativeTarget section */

/* Begin PBXProject section */
		371F08541CE0FACD006EDE77 /* Project object */ = {
			isa = PBXProject;
			attributes = {
				LastSwiftUpdateCheck = 0730;
				LastUpgradeCheck = 0800;
				ORGANIZATIONNAME = "lucas fernández";
				TargetAttributes = {
					371F085B1CE0FACD006EDE77 = {
						CreatedOnToolsVersion = 7.3;
						DevelopmentTeam = 7Y2Y846R76;
						LastSwiftMigration = 0800;
					};
					371F08721CE0FACD006EDE77 = {
						CreatedOnToolsVersion = 7.3;
						DevelopmentTeam = 7Y2Y846R76;
						LastSwiftMigration = 0800;
						TestTargetID = 371F085B1CE0FACD006EDE77;
					};
					371F087D1CE0FACD006EDE77 = {
						CreatedOnToolsVersion = 7.3;
						DevelopmentTeam = 7Y2Y846R76;
						LastSwiftMigration = 0800;
						TestTargetID = 371F085B1CE0FACD006EDE77;
					};
					37AE113F1CE1ECF900E20ED1 = {
						CreatedOnToolsVersion = 7.3;
						DevelopmentTeam = 7Y2Y846R76;
						LastSwiftMigration = 0800;
					};
					37AE114B1CE1ECF900E20ED1 = {
						CreatedOnToolsVersion = 7.3;
						DevelopmentTeam = 7Y2Y846R76;
						LastSwiftMigration = 0800;
					};
				};
			};
			buildConfigurationList = 371F08571CE0FACD006EDE77 /* Build configuration list for PBXProject "StepCounter" */;
			compatibilityVersion = "Xcode 3.2";
			developmentRegion = English;
			hasScannedForEncodings = 0;
			knownRegions = (
				en,
				Base,
			);
			mainGroup = 371F08531CE0FACD006EDE77;
			productRefGroup = 371F085D1CE0FACD006EDE77 /* Products */;
			projectDirPath = "";
			projectRoot = "";
			targets = (
				371F085B1CE0FACD006EDE77 /* StepCounter */,
				371F08721CE0FACD006EDE77 /* StepCounterTests */,
				371F087D1CE0FACD006EDE77 /* StepCounterUITests */,
				37AE113F1CE1ECF900E20ED1 /* StepCounter WatchKit */,
				37AE114B1CE1ECF900E20ED1 /* StepCounter WatchKit Extension */,
			);
		};
/* End PBXProject section */

/* Begin PBXResourcesBuildPhase section */
		371F085A1CE0FACD006EDE77 /* Resources */ = {
			isa = PBXResourcesBuildPhase;
			buildActionMask = 2147483647;
			files = (
				371F086D1CE0FACD006EDE77 /* LaunchScreen.storyboard in Resources */,
				371F086A1CE0FACD006EDE77 /* Assets.xcassets in Resources */,
				371F08651CE0FACD006EDE77 /* Main.storyboard in Resources */,
				37AE11761CE33CD600E20ED1 /* HistoryData.plist in Resources */,
				377D20C71CE1479100F80559 /* Walks.plist in Resources */,
			);
			runOnlyForDeploymentPostprocessing = 0;
		};
		371F08711CE0FACD006EDE77 /* Resources */ = {
			isa = PBXResourcesBuildPhase;
			buildActionMask = 2147483647;
			files = (
			);
			runOnlyForDeploymentPostprocessing = 0;
		};
		371F087C1CE0FACD006EDE77 /* Resources */ = {
			isa = PBXResourcesBuildPhase;
			buildActionMask = 2147483647;
			files = (
			);
			runOnlyForDeploymentPostprocessing = 0;
		};
		37AE113E1CE1ECF900E20ED1 /* Resources */ = {
			isa = PBXResourcesBuildPhase;
			buildActionMask = 2147483647;
			files = (
				37AE11461CE1ECF900E20ED1 /* Assets.xcassets in Resources */,
				37AE11441CE1ECF900E20ED1 /* Interface.storyboard in Resources */,
			);
			runOnlyForDeploymentPostprocessing = 0;
		};
		37AE114A1CE1ECF900E20ED1 /* Resources */ = {
			isa = PBXResourcesBuildPhase;
			buildActionMask = 2147483647;
			files = (
				37AE115A1CE1ECF900E20ED1 /* Assets.xcassets in Resources */,
				37AE11701CE209B100E20ED1 /* Walks.plist in Resources */,
				37AE11771CE3513600E20ED1 /* HistoryData.plist in Resources */,
			);
			runOnlyForDeploymentPostprocessing = 0;
		};
/* End PBXResourcesBuildPhase section */

/* Begin PBXSourcesBuildPhase section */
		371F08581CE0FACD006EDE77 /* Sources */ = {
			isa = PBXSourcesBuildPhase;
			buildActionMask = 2147483647;
			files = (
				37AE11741CE2374F00E20ED1 /* SessionDataXML.swift in Sources */,
				371F08A11CE10548006EDE77 /* HistoryTableViewController.swift in Sources */,
				371F08681CE0FACD006EDE77 /* StepCounter.xcdatamodeld in Sources */,
				371F08911CE0FB08006EDE77 /* ProgressBarView.swift in Sources */,
				371F08A31CE1070A006EDE77 /* WalkViewController.swift in Sources */,
				377D20C61CE1479100F80559 /* Walk.swift in Sources */,
				371F089B1CE1007E006EDE77 /* SessionData.swift in Sources */,
				371F089F1CE10240006EDE77 /* SessionsTableViewController.swift in Sources */,
				371F08601CE0FACD006EDE77 /* AppDelegate.swift in Sources */,
			);
			runOnlyForDeploymentPostprocessing = 0;
		};
		371F086F1CE0FACD006EDE77 /* Sources */ = {
			isa = PBXSourcesBuildPhase;
			buildActionMask = 2147483647;
			files = (
				371F08781CE0FACD006EDE77 /* StepCounterTests.swift in Sources */,
			);
			runOnlyForDeploymentPostprocessing = 0;
		};
		371F087A1CE0FACD006EDE77 /* Sources */ = {
			isa = PBXSourcesBuildPhase;
			buildActionMask = 2147483647;
			files = (
				371F08831CE0FACD006EDE77 /* StepCounterUITests.swift in Sources */,
			);
			runOnlyForDeploymentPostprocessing = 0;
		};
		37AE11481CE1ECF900E20ED1 /* Sources */ = {
			isa = PBXSourcesBuildPhase;
			buildActionMask = 2147483647;
			files = (
				37AE116C1CE1FF7D00E20ED1 /* PageInterfaceController.swift in Sources */,
				37AE11791CE3548500E20ED1 /* SessionData.swift in Sources */,
				37AE11681CE1F9F200E20ED1 /* PedometerData.swift in Sources */,
				37AE116F1CE204AF00E20ED1 /* Calendar.swift in Sources */,
				37AE116A1CE1FEF700E20ED1 /* WalkRowController.swift in Sources */,
				37AE11561CE1ECF900E20ED1 /* ExtensionDelegate.swift in Sources */,
				37AE116D1CE2001400E20ED1 /* Walk.swift in Sources */,
				37AE11781CE3515C00E20ED1 /* SessionDataXML.swift in Sources */,
				37AE11541CE1ECF900E20ED1 /* InterfaceController.swift in Sources */,
			);
			runOnlyForDeploymentPostprocessing = 0;
		};
/* End PBXSourcesBuildPhase section */

/* Begin PBXTargetDependency section */
		371F08751CE0FACD006EDE77 /* PBXTargetDependency */ = {
			isa = PBXTargetDependency;
			target = 371F085B1CE0FACD006EDE77 /* StepCounter */;
			targetProxy = 371F08741CE0FACD006EDE77 /* PBXContainerItemProxy */;
		};
		371F08801CE0FACD006EDE77 /* PBXTargetDependency */ = {
			isa = PBXTargetDependency;
			target = 371F085B1CE0FACD006EDE77 /* StepCounter */;
			targetProxy = 371F087F1CE0FACD006EDE77 /* PBXContainerItemProxy */;
		};
		37AE114F1CE1ECF900E20ED1 /* PBXTargetDependency */ = {
			isa = PBXTargetDependency;
			target = 37AE114B1CE1ECF900E20ED1 /* StepCounter WatchKit Extension */;
			targetProxy = 37AE114E1CE1ECF900E20ED1 /* PBXContainerItemProxy */;
		};
		37AE115D1CE1ECF900E20ED1 /* PBXTargetDependency */ = {
			isa = PBXTargetDependency;
			target = 37AE113F1CE1ECF900E20ED1 /* StepCounter WatchKit */;
			targetProxy = 37AE115C1CE1ECF900E20ED1 /* PBXContainerItemProxy */;
		};
/* End PBXTargetDependency section */

/* Begin PBXVariantGroup section */
		371F08631CE0FACD006EDE77 /* Main.storyboard */ = {
			isa = PBXVariantGroup;
			children = (
				371F08641CE0FACD006EDE77 /* Base */,
			);
			name = Main.storyboard;
			sourceTree = "<group>";
		};
		371F086B1CE0FACD006EDE77 /* LaunchScreen.storyboard */ = {
			isa = PBXVariantGroup;
			children = (
				371F086C1CE0FACD006EDE77 /* Base */,
			);
			name = LaunchScreen.storyboard;
			sourceTree = "<group>";
		};
		37AE11421CE1ECF900E20ED1 /* Interface.storyboard */ = {
			isa = PBXVariantGroup;
			children = (
				37AE11431CE1ECF900E20ED1 /* Base */,
			);
			name = Interface.storyboard;
			sourceTree = "<group>";
		};
/* End PBXVariantGroup section */

/* Begin XCBuildConfiguration section */
		371F08851CE0FACD006EDE77 /* Debug */ = {
			isa = XCBuildConfiguration;
			buildSettings = {
				ALWAYS_SEARCH_USER_PATHS = NO;
				CLANG_ANALYZER_NONNULL = YES;
				CLANG_CXX_LANGUAGE_STANDARD = "gnu++0x";
				CLANG_CXX_LIBRARY = "libc++";
				CLANG_ENABLE_MODULES = YES;
				CLANG_ENABLE_OBJC_ARC = YES;
				CLANG_WARN_BOOL_CONVERSION = YES;
				CLANG_WARN_CONSTANT_CONVERSION = YES;
				CLANG_WARN_DIRECT_OBJC_ISA_USAGE = YES_ERROR;
				CLANG_WARN_EMPTY_BODY = YES;
				CLANG_WARN_ENUM_CONVERSION = YES;
				CLANG_WARN_INFINITE_RECURSION = YES;
				CLANG_WARN_INT_CONVERSION = YES;
				CLANG_WARN_OBJC_ROOT_CLASS = YES_ERROR;
				CLANG_WARN_SUSPICIOUS_MOVE = YES;
				CLANG_WARN_UNREACHABLE_CODE = YES;
				CLANG_WARN__DUPLICATE_METHOD_MATCH = YES;
				"CODE_SIGN_IDENTITY[sdk=iphoneos*]" = "iPhone Developer";
				COPY_PHASE_STRIP = NO;
				DEBUG_INFORMATION_FORMAT = dwarf;
				ENABLE_STRICT_OBJC_MSGSEND = YES;
				ENABLE_TESTABILITY = YES;
				GCC_C_LANGUAGE_STANDARD = gnu99;
				GCC_DYNAMIC_NO_PIC = NO;
				GCC_NO_COMMON_BLOCKS = YES;
				GCC_OPTIMIZATION_LEVEL = 0;
				GCC_PREPROCESSOR_DEFINITIONS = (
					"DEBUG=1",
					"$(inherited)",
				);
				GCC_WARN_64_TO_32_BIT_CONVERSION = YES;
				GCC_WARN_ABOUT_RETURN_TYPE = YES_ERROR;
				GCC_WARN_UNDECLARED_SELECTOR = YES;
				GCC_WARN_UNINITIALIZED_AUTOS = YES_AGGRESSIVE;
				GCC_WARN_UNUSED_FUNCTION = YES;
				GCC_WARN_UNUSED_VARIABLE = YES;
				IPHONEOS_DEPLOYMENT_TARGET = 9.3;
				MTL_ENABLE_DEBUG_INFO = YES;
				ONLY_ACTIVE_ARCH = YES;
				SDKROOT = iphoneos;
				SWIFT_OPTIMIZATION_LEVEL = "-Onone";
				TARGETED_DEVICE_FAMILY = "1,2";
			};
			name = Debug;
		};
		371F08861CE0FACD006EDE77 /* Release */ = {
			isa = XCBuildConfiguration;
			buildSettings = {
				ALWAYS_SEARCH_USER_PATHS = NO;
				CLANG_ANALYZER_NONNULL = YES;
				CLANG_CXX_LANGUAGE_STANDARD = "gnu++0x";
				CLANG_CXX_LIBRARY = "libc++";
				CLANG_ENABLE_MODULES = YES;
				CLANG_ENABLE_OBJC_ARC = YES;
				CLANG_WARN_BOOL_CONVERSION = YES;
				CLANG_WARN_CONSTANT_CONVERSION = YES;
				CLANG_WARN_DIRECT_OBJC_ISA_USAGE = YES_ERROR;
				CLANG_WARN_EMPTY_BODY = YES;
				CLANG_WARN_ENUM_CONVERSION = YES;
				CLANG_WARN_INFINITE_RECURSION = YES;
				CLANG_WARN_INT_CONVERSION = YES;
				CLANG_WARN_OBJC_ROOT_CLASS = YES_ERROR;
				CLANG_WARN_SUSPICIOUS_MOVE = YES;
				CLANG_WARN_UNREACHABLE_CODE = YES;
				CLANG_WARN__DUPLICATE_METHOD_MATCH = YES;
				"CODE_SIGN_IDENTITY[sdk=iphoneos*]" = "iPhone Developer";
				COPY_PHASE_STRIP = NO;
				DEBUG_INFORMATION_FORMAT = "dwarf-with-dsym";
				ENABLE_NS_ASSERTIONS = NO;
				ENABLE_STRICT_OBJC_MSGSEND = YES;
				GCC_C_LANGUAGE_STANDARD = gnu99;
				GCC_NO_COMMON_BLOCKS = YES;
				GCC_WARN_64_TO_32_BIT_CONVERSION = YES;
				GCC_WARN_ABOUT_RETURN_TYPE = YES_ERROR;
				GCC_WARN_UNDECLARED_SELECTOR = YES;
				GCC_WARN_UNINITIALIZED_AUTOS = YES_AGGRESSIVE;
				GCC_WARN_UNUSED_FUNCTION = YES;
				GCC_WARN_UNUSED_VARIABLE = YES;
				IPHONEOS_DEPLOYMENT_TARGET = 9.3;
				MTL_ENABLE_DEBUG_INFO = NO;
				SDKROOT = iphoneos;
				SWIFT_OPTIMIZATION_LEVEL = "-Owholemodule";
				TARGETED_DEVICE_FAMILY = "1,2";
				VALIDATE_PRODUCT = YES;
			};
			name = Release;
		};
		371F08881CE0FACD006EDE77 /* Debug */ = {
			isa = XCBuildConfiguration;
			buildSettings = {
				ASSETCATALOG_COMPILER_APPICON_NAME = AppIcon;
				DEVELOPMENT_TEAM = 7Y2Y846R76;
				INFOPLIST_FILE = StepCounter/Info.plist;
				LD_RUNPATH_SEARCH_PATHS = "$(inherited) @executable_path/Frameworks";
				PRODUCT_BUNDLE_IDENTIFIER = com.lucasIndustries.StepCounter;
				PRODUCT_NAME = "$(TARGET_NAME)";
				SWIFT_VERSION = 3.0;
				TARGETED_DEVICE_FAMILY = 1;
			};
			name = Debug;
		};
		371F08891CE0FACD006EDE77 /* Release */ = {
			isa = XCBuildConfiguration;
			buildSettings = {
				ASSETCATALOG_COMPILER_APPICON_NAME = AppIcon;
				DEVELOPMENT_TEAM = 7Y2Y846R76;
				INFOPLIST_FILE = StepCounter/Info.plist;
				LD_RUNPATH_SEARCH_PATHS = "$(inherited) @executable_path/Frameworks";
				PRODUCT_BUNDLE_IDENTIFIER = com.lucasIndustries.StepCounter;
				PRODUCT_NAME = "$(TARGET_NAME)";
				SWIFT_VERSION = 3.0;
				TARGETED_DEVICE_FAMILY = 1;
			};
			name = Release;
		};
		371F088B1CE0FACD006EDE77 /* Debug */ = {
			isa = XCBuildConfiguration;
			buildSettings = {
				BUNDLE_LOADER = "$(TEST_HOST)";
				DEVELOPMENT_TEAM = 7Y2Y846R76;
				INFOPLIST_FILE = StepCounterTests/Info.plist;
				LD_RUNPATH_SEARCH_PATHS = "$(inherited) @executable_path/Frameworks @loader_path/Frameworks";
				PRODUCT_BUNDLE_IDENTIFIER = com.lucasIndustries.StepCounterTests;
				PRODUCT_NAME = "$(TARGET_NAME)";
				SWIFT_VERSION = 3.0;
				TEST_HOST = "$(BUILT_PRODUCTS_DIR)/StepCounter.app/StepCounter";
			};
			name = Debug;
		};
		371F088C1CE0FACD006EDE77 /* Release */ = {
			isa = XCBuildConfiguration;
			buildSettings = {
				BUNDLE_LOADER = "$(TEST_HOST)";
				DEVELOPMENT_TEAM = 7Y2Y846R76;
				INFOPLIST_FILE = StepCounterTests/Info.plist;
				LD_RUNPATH_SEARCH_PATHS = "$(inherited) @executable_path/Frameworks @loader_path/Frameworks";
				PRODUCT_BUNDLE_IDENTIFIER = com.lucasIndustries.StepCounterTests;
				PRODUCT_NAME = "$(TARGET_NAME)";
				SWIFT_VERSION = 3.0;
				TEST_HOST = "$(BUILT_PRODUCTS_DIR)/StepCounter.app/StepCounter";
			};
			name = Release;
		};
		371F088E1CE0FACD006EDE77 /* Debug */ = {
			isa = XCBuildConfiguration;
			buildSettings = {
				DEVELOPMENT_TEAM = 7Y2Y846R76;
				INFOPLIST_FILE = StepCounterUITests/Info.plist;
				LD_RUNPATH_SEARCH_PATHS = "$(inherited) @executable_path/Frameworks @loader_path/Frameworks";
				PRODUCT_BUNDLE_IDENTIFIER = com.lucasIndustries.StepCounterUITests;
				PRODUCT_NAME = "$(TARGET_NAME)";
				SWIFT_VERSION = 3.0;
				TEST_TARGET_NAME = StepCounter;
			};
			name = Debug;
		};
		371F088F1CE0FACD006EDE77 /* Release */ = {
			isa = XCBuildConfiguration;
			buildSettings = {
				DEVELOPMENT_TEAM = 7Y2Y846R76;
				INFOPLIST_FILE = StepCounterUITests/Info.plist;
				LD_RUNPATH_SEARCH_PATHS = "$(inherited) @executable_path/Frameworks @loader_path/Frameworks";
				PRODUCT_BUNDLE_IDENTIFIER = com.lucasIndustries.StepCounterUITests;
				PRODUCT_NAME = "$(TARGET_NAME)";
				SWIFT_VERSION = 3.0;
				TEST_TARGET_NAME = StepCounter;
			};
			name = Release;
		};
		37AE11601CE1ECF900E20ED1 /* Debug */ = {
			isa = XCBuildConfiguration;
			buildSettings = {
				DEVELOPMENT_TEAM = 7Y2Y846R76;
				INFOPLIST_FILE = "StepCounter WatchKit Extension/Info.plist";
				LD_RUNPATH_SEARCH_PATHS = "$(inherited) @executable_path/Frameworks @executable_path/../../Frameworks";
				PRODUCT_BUNDLE_IDENTIFIER = com.lucasIndustries.StepCounter.watchkitapp.watchkitextension;
				PRODUCT_NAME = "${TARGET_NAME}";
				SDKROOT = watchos;
				SKIP_INSTALL = YES;
				SWIFT_VERSION = 3.0;
				TARGETED_DEVICE_FAMILY = 4;
				WATCHOS_DEPLOYMENT_TARGET = 3.0;
			};
			name = Debug;
		};
		37AE11611CE1ECF900E20ED1 /* Release */ = {
			isa = XCBuildConfiguration;
			buildSettings = {
				DEVELOPMENT_TEAM = 7Y2Y846R76;
				INFOPLIST_FILE = "StepCounter WatchKit Extension/Info.plist";
				LD_RUNPATH_SEARCH_PATHS = "$(inherited) @executable_path/Frameworks @executable_path/../../Frameworks";
				PRODUCT_BUNDLE_IDENTIFIER = com.lucasIndustries.StepCounter.watchkitapp.watchkitextension;
				PRODUCT_NAME = "${TARGET_NAME}";
				SDKROOT = watchos;
				SKIP_INSTALL = YES;
				SWIFT_VERSION = 3.0;
				TARGETED_DEVICE_FAMILY = 4;
				WATCHOS_DEPLOYMENT_TARGET = 3.0;
			};
			name = Release;
		};
		37AE11641CE1ECF900E20ED1 /* Debug */ = {
			isa = XCBuildConfiguration;
			buildSettings = {
				ALWAYS_EMBED_SWIFT_STANDARD_LIBRARIES = YES;
				ASSETCATALOG_COMPILER_APPICON_NAME = AppIcon;
				DEVELOPMENT_TEAM = 7Y2Y846R76;
				IBSC_MODULE = StepCounter_WatchKit_Extension;
				INFOPLIST_FILE = "StepCounter WatchKit/Info.plist";
				PRODUCT_BUNDLE_IDENTIFIER = com.lucasIndustries.StepCounter.watchkitapp;
				PRODUCT_NAME = "$(TARGET_NAME)";
				SDKROOT = watchos;
				SKIP_INSTALL = YES;
				SWIFT_VERSION = 3.0;
				TARGETED_DEVICE_FAMILY = 4;
				WATCHOS_DEPLOYMENT_TARGET = 3.0;
			};
			name = Debug;
		};
		37AE11651CE1ECF900E20ED1 /* Release */ = {
			isa = XCBuildConfiguration;
			buildSettings = {
				ALWAYS_EMBED_SWIFT_STANDARD_LIBRARIES = YES;
				ASSETCATALOG_COMPILER_APPICON_NAME = AppIcon;
				DEVELOPMENT_TEAM = 7Y2Y846R76;
				IBSC_MODULE = StepCounter_WatchKit_Extension;
				INFOPLIST_FILE = "StepCounter WatchKit/Info.plist";
				PRODUCT_BUNDLE_IDENTIFIER = com.lucasIndustries.StepCounter.watchkitapp;
				PRODUCT_NAME = "$(TARGET_NAME)";
				SDKROOT = watchos;
				SKIP_INSTALL = YES;
				SWIFT_VERSION = 3.0;
				TARGETED_DEVICE_FAMILY = 4;
				WATCHOS_DEPLOYMENT_TARGET = 3.0;
			};
			name = Release;
		};
/* End XCBuildConfiguration section */

/* Begin XCConfigurationList section */
		371F08571CE0FACD006EDE77 /* Build configuration list for PBXProject "StepCounter" */ = {
			isa = XCConfigurationList;
			buildConfigurations = (
				371F08851CE0FACD006EDE77 /* Debug */,
				371F08861CE0FACD006EDE77 /* Release */,
			);
			defaultConfigurationIsVisible = 0;
			defaultConfigurationName = Release;
		};
		371F08871CE0FACD006EDE77 /* Build configuration list for PBXNativeTarget "StepCounter" */ = {
			isa = XCConfigurationList;
			buildConfigurations = (
				371F08881CE0FACD006EDE77 /* Debug */,
				371F08891CE0FACD006EDE77 /* Release */,
			);
			defaultConfigurationIsVisible = 0;
			defaultConfigurationName = Release;
		};
		371F088A1CE0FACD006EDE77 /* Build configuration list for PBXNativeTarget "StepCounterTests" */ = {
			isa = XCConfigurationList;
			buildConfigurations = (
				371F088B1CE0FACD006EDE77 /* Debug */,
				371F088C1CE0FACD006EDE77 /* Release */,
			);
			defaultConfigurationIsVisible = 0;
			defaultConfigurationName = Release;
		};
		371F088D1CE0FACD006EDE77 /* Build configuration list for PBXNativeTarget "StepCounterUITests" */ = {
			isa = XCConfigurationList;
			buildConfigurations = (
				371F088E1CE0FACD006EDE77 /* Debug */,
				371F088F1CE0FACD006EDE77 /* Release */,
			);
			defaultConfigurationIsVisible = 0;
			defaultConfigurationName = Release;
		};
		37AE115F1CE1ECF900E20ED1 /* Build configuration list for PBXNativeTarget "StepCounter WatchKit Extension" */ = {
			isa = XCConfigurationList;
			buildConfigurations = (
				37AE11601CE1ECF900E20ED1 /* Debug */,
				37AE11611CE1ECF900E20ED1 /* Release */,
			);
			defaultConfigurationIsVisible = 0;
			defaultConfigurationName = Release;
		};
		37AE11631CE1ECF900E20ED1 /* Build configuration list for PBXNativeTarget "StepCounter WatchKit" */ = {
			isa = XCConfigurationList;
			buildConfigurations = (
				37AE11641CE1ECF900E20ED1 /* Debug */,
				37AE11651CE1ECF900E20ED1 /* Release */,
			);
			defaultConfigurationIsVisible = 0;
			defaultConfigurationName = Release;
		};
/* End XCConfigurationList section */

/* Begin XCVersionGroup section */
		371F08661CE0FACD006EDE77 /* StepCounter.xcdatamodeld */ = {
			isa = XCVersionGroup;
			children = (
				371F08671CE0FACD006EDE77 /* StepCounter.xcdatamodel */,
			);
			currentVersion = 371F08671CE0FACD006EDE77 /* StepCounter.xcdatamodel */;
			path = StepCounter.xcdatamodeld;
			sourceTree = "<group>";
			versionGroupType = wrapper.xcdatamodel;
		};
/* End XCVersionGroup section */
	};
	rootObject = 371F08541CE0FACD006EDE77 /* Project object */;
}
