// !$*UTF8*$!
{
	archiveVersion = 1;
	classes = {
	};
	objectVersion = 46;
	objects = {

/* Begin PBXBuildFile section */
		371F08601CE0FACD006EDE77 /* AppDelegate.swift in Sources */ = {isa = PBXBuildFile; fileRef = 371F085F1CE0FACD006EDE77 /* AppDelegate.swift */; };
		371F08621CE0FACD006EDE77 /* ViewController.swift in Sources */ = {isa = PBXBuildFile; fileRef = 371F08611CE0FACD006EDE77 /* ViewController.swift */; };
		371F08651CE0FACD006EDE77 /* Main.storyboard in Resources */ = {isa = PBXBuildFile; fileRef = 371F08631CE0FACD006EDE77 /* Main.storyboard */; };
		371F08681CE0FACD006EDE77 /* StepCounter.xcdatamodeld in Sources */ = {isa = PBXBuildFile; fileRef = 371F08661CE0FACD006EDE77 /* StepCounter.xcdatamodeld */; };
		371F086A1CE0FACD006EDE77 /* Assets.xcassets in Resources */ = {isa = PBXBuildFile; fileRef = 371F08691CE0FACD006EDE77 /* Assets.xcassets */; };
		371F086D1CE0FACD006EDE77 /* LaunchScreen.storyboard in Resources */ = {isa = PBXBuildFile; fileRef = 371F086B1CE0FACD006EDE77 /* LaunchScreen.storyboard */; };
		371F08781CE0FACD006EDE77 /* StepCounterTests.swift in Sources */ = {isa = PBXBuildFile; fileRef = 371F08771CE0FACD006EDE77 /* StepCounterTests.swift */; };
		371F08831CE0FACD006EDE77 /* StepCounterUITests.swift in Sources */ = {isa = PBXBuildFile; fileRef = 371F08821CE0FACD006EDE77 /* StepCounterUITests.swift */; };
/* End PBXBuildFile section */

/* Begin PBXContainerItemProxy section */
		371F08741CE0FACD006EDE77 /* PBXContainerItemProxy */ = {
			isa = PBXContainerItemProxy;
			containerPortal = 371F08541CE0FACD006EDE77 /* Project object */;
			proxyType = 1;
			remoteGlobalIDString = 371F085B1CE0FACD006EDE77;
			remoteInfo = StepCounter;
		};
		371F087F1CE0FACD006EDE77 /* PBXContainerItemProxy */ = {
			isa = PBXContainerItemProxy;
			containerPortal = 371F08541CE0FACD006EDE77 /* Project object */;
			proxyType = 1;
			remoteGlobalIDString = 371F085B1CE0FACD006EDE77;
			remoteInfo = StepCounter;
		};
/* End PBXContainerItemProxy section */

/* Begin PBXFileReference section */
		371F085C1CE0FACD006EDE77 /* StepCounter.app */ = {isa = PBXFileReference; explicitFileType = wrapper.application; includeInIndex = 0; path = StepCounter.app; sourceTree = BUILT_PRODUCTS_DIR; };
		371F085F1CE0FACD006EDE77 /* AppDelegate.swift */ = {isa = PBXFileReference; lastKnownFileType = sourcecode.swift; path = AppDelegate.swift; sourceTree = "<group>"; };
		371F08611CE0FACD006EDE77 /* ViewController.swift */ = {isa = PBXFileReference; lastKnownFileType = sourcecode.swift; path = ViewController.swift; sourceTree = "<group>"; };
		371F08641CE0FACD006EDE77 /* Base */ = {isa = PBXFileReference; lastKnownFileType = file.storyboard; name = Base; path = Base.lproj/Main.storyboard; sourceTree = "<group>"; };
		371F08671CE0FACD006EDE77 /* StepCounter.xcdatamodel */ = {isa = PBXFileReference; lastKnownFileType = wrapper.xcdatamodel; path = StepCounter.xcdatamodel; sourceTree = "<group>"; };
		371F08691CE0FACD006EDE77 /* Assets.xcassets */ = {isa = PBXFileReference; lastKnownFileType = folder.assetcatalog; path = Assets.xcassets; sourceTree = "<group>"; };
		371F086C1CE0FACD006EDE77 /* Base */ = {isa = PBXFileReference; lastKnownFileType = file.storyboard; name = Base; path = Base.lproj/LaunchScreen.storyboard; sourceTree = "<group>"; };
		371F086E1CE0FACD006EDE77 /* Info.plist */ = {isa = PBXFileReference; lastKnownFileType = text.plist.xml; path = Info.plist; sourceTree = "<group>"; };
		371F08731CE0FACD006EDE77 /* StepCounterTests.xctest */ = {isa = PBXFileReference; explicitFileType = wrapper.cfbundle; includeInIndex = 0; path = StepCounterTests.xctest; sourceTree = BUILT_PRODUCTS_DIR; };
		371F08771CE0FACD006EDE77 /* StepCounterTests.swift */ = {isa = PBXFileReference; lastKnownFileType = sourcecode.swift; path = StepCounterTests.swift; sourceTree = "<group>"; };
		371F08791CE0FACD006EDE77 /* Info.plist */ = {isa = PBXFileReference; lastKnownFileType = text.plist.xml; path = Info.plist; sourceTree = "<group>"; };
		371F087E1CE0FACD006EDE77 /* StepCounterUITests.xctest */ = {isa = PBXFileReference; explicitFileType = wrapper.cfbundle; includeInIndex = 0; path = StepCounterUITests.xctest; sourceTree = BUILT_PRODUCTS_DIR; };
		371F08821CE0FACD006EDE77 /* StepCounterUITests.swift */ = {isa = PBXFileReference; lastKnownFileType = sourcecode.swift; path = StepCounterUITests.swift; sourceTree = "<group>"; };
		371F08841CE0FACD006EDE77 /* Info.plist */ = {isa = PBXFileReference; lastKnownFileType = text.plist.xml; path = Info.plist; sourceTree = "<group>"; };
/* End PBXFileReference section */

/* Begin PBXFrameworksBuildPhase section */
		371F08591CE0FACD006EDE77 /* Frameworks */ = {
			isa = PBXFrameworksBuildPhase;
			buildActionMask = 2147483647;
			files = (
			);
			runOnlyForDeploymentPostprocessing = 0;
		};
		371F08701CE0FACD006EDE77 /* Frameworks */ = {
			isa = PBXFrameworksBuildPhase;
			buildActionMask = 2147483647;
			files = (
			);
			runOnlyForDeploymentPostprocessing = 0;
		};
		371F087B1CE0FACD006EDE77 /* Frameworks */ = {
			isa = PBXFrameworksBuildPhase;
			buildActionMask = 2147483647;
			files = (
			);
			runOnlyForDeploymentPostprocessing = 0;
		};
/* End PBXFrameworksBuildPhase section */

/* Begin PBXGroup section */
		371F08531CE0FACD006EDE77 = {
			isa = PBXGroup;
			children = (
				371F085E1CE0FACD006EDE77 /* StepCounter */,
				371F08761CE0FACD006EDE77 /* StepCounterTests */,
				371F08811CE0FACD006EDE77 /* StepCounterUITests */,
				371F085D1CE0FACD006EDE77 /* Products */,
			);
			sourceTree = "<group>";
		};
		371F085D1CE0FACD006EDE77 /* Products */ = {
			isa = PBXGroup;
			children = (
				371F085C1CE0FACD006EDE77 /* StepCounter.app */,
				371F08731CE0FACD006EDE77 /* StepCounterTests.xctest */,
				371F087E1CE0FACD006EDE77 /* StepCounterUITests.xctest */,
			);
			name = Products;
			sourceTree = "<group>";
		};
		371F085E1CE0FACD006EDE77 /* StepCounter */ = {
			isa = PBXGroup;
			children = (
				371F085F1CE0FACD006EDE77 /* AppDelegate.swift */,
				371F08611CE0FACD006EDE77 /* ViewController.swift */,
				371F08631CE0FACD006EDE77 /* Main.storyboard */,
				371F08691CE0FACD006EDE77 /* Assets.xcassets */,
				371F086B1CE0FACD006EDE77 /* LaunchScreen.storyboard */,
				371F086E1CE0FACD006EDE77 /* Info.plist */,
				371F08661CE0FACD006EDE77 /* StepCounter.xcdatamodeld */,
			);
			path = StepCounter;
			sourceTree = "<group>";
		};
		371F08761CE0FACD006EDE77 /* StepCounterTests */ = {
			isa = PBXGroup;
			children = (
				371F08771CE0FACD006EDE77 /* StepCounterTests.swift */,
				371F08791CE0FACD006EDE77 /* Info.plist */,
			);
			path = StepCounterTests;
			sourceTree = "<group>";
		};
		371F08811CE0FACD006EDE77 /* StepCounterUITests */ = {
			isa = PBXGroup;
			children = (
				371F08821CE0FACD006EDE77 /* StepCounterUITests.swift */,
				371F08841CE0FACD006EDE77 /* Info.plist */,
			);
			path = StepCounterUITests;
			sourceTree = "<group>";
		};
/* End PBXGroup section */

/* Begin PBXNativeTarget section */
		371F085B1CE0FACD006EDE77 /* StepCounter */ = {
			isa = PBXNativeTarget;
			buildConfigurationList = 371F08871CE0FACD006EDE77 /* Build configuration list for PBXNativeTarget "StepCounter" */;
			buildPhases = (
				371F08581CE0FACD006EDE77 /* Sources */,
				371F08591CE0FACD006EDE77 /* Frameworks */,
				371F085A1CE0FACD006EDE77 /* Resources */,
			);
			buildRules = (
			);
			dependencies = (
			);
			name = StepCounter;
			productName = StepCounter;
			productReference = 371F085C1CE0FACD006EDE77 /* StepCounter.app */;
			productType = "com.apple.product-type.application";
		};
		371F08721CE0FACD006EDE77 /* StepCounterTests */ = {
			isa = PBXNativeTarget;
			buildConfigurationList = 371F088A1CE0FACD006EDE77 /* Build configuration list for PBXNativeTarget "StepCounterTests" */;
			buildPhases = (
				371F086F1CE0FACD006EDE77 /* Sources */,
				371F08701CE0FACD006EDE77 /* Frameworks */,
				371F08711CE0FACD006EDE77 /* Resources */,
			);
			buildRules = (
			);
			dependencies = (
				371F08751CE0FACD006EDE77 /* PBXTargetDependency */,
			);
			name = StepCounterTests;
			productName = StepCounterTests;
			productReference = 371F08731CE0FACD006EDE77 /* StepCounterTests.xctest */;
			productType = "com.apple.product-type.bundle.unit-test";
		};
		371F087D1CE0FACD006EDE77 /* StepCounterUITests */ = {
			isa = PBXNativeTarget;
			buildConfigurationList = 371F088D1CE0FACD006EDE77 /* Build configuration list for PBXNativeTarget "StepCounterUITests" */;
			buildPhases = (
				371F087A1CE0FACD006EDE77 /* Sources */,
				371F087B1CE0FACD006EDE77 /* Frameworks */,
				371F087C1CE0FACD006EDE77 /* Resources */,
			);
			buildRules = (
			);
			dependencies = (
				371F08801CE0FACD006EDE77 /* PBXTargetDependency */,
			);
			name = StepCounterUITests;
			productName = StepCounterUITests;
			productReference = 371F087E1CE0FACD006EDE77 /* StepCounterUITests.xctest */;
			productType = "com.apple.product-type.bundle.ui-testing";
		};
/* End PBXNativeTarget section */

/* Begin PBXProject section */
		371F08541CE0FACD006EDE77 /* Project object */ = {
			isa = PBXProject;
			attributes = {
				LastSwiftUpdateCheck = 0730;
				LastUpgradeCheck = 0730;
				ORGANIZATIONNAME = "lucas fernández";
				TargetAttributes = {
					371F085B1CE0FACD006EDE77 = {
						CreatedOnToolsVersion = 7.3;
					};
					371F08721CE0FACD006EDE77 = {
						CreatedOnToolsVersion = 7.3;
						TestTargetID = 371F085B1CE0FACD006EDE77;
					};
					371F087D1CE0FACD006EDE77 = {
						CreatedOnToolsVersion = 7.3;
						TestTargetID = 371F085B1CE0FACD006EDE77;
					};
				};
			};
			buildConfigurationList = 371F08571CE0FACD006EDE77 /* Build configuration list for PBXProject "StepCounter" */;
			compatibilityVersion = "Xcode 3.2";
			developmentRegion = English;
			hasScannedForEncodings = 0;
			knownRegions = (
				en,
				Base,
			);
			mainGroup = 371F08531CE0FACD006EDE77;
			productRefGroup = 371F085D1CE0FACD006EDE77 /* Products */;
			projectDirPath = "";
			projectRoot = "";
			targets = (
				371F085B1CE0FACD006EDE77 /* StepCounter */,
				371F08721CE0FACD006EDE77 /* StepCounterTests */,
				371F087D1CE0FACD006EDE77 /* StepCounterUITests */,
			);
		};
/* End PBXProject section */

/* Begin PBXResourcesBuildPhase section */
		371F085A1CE0FACD006EDE77 /* Resources */ = {
			isa = PBXResourcesBuildPhase;
			buildActionMask = 2147483647;
			files = (
				371F086D1CE0FACD006EDE77 /* LaunchScreen.storyboard in Resources */,
				371F086A1CE0FACD006EDE77 /* Assets.xcassets in Resources */,
				371F08651CE0FACD006EDE77 /* Main.storyboard in Resources */,
			);
			runOnlyForDeploymentPostprocessing = 0;
		};
		371F08711CE0FACD006EDE77 /* Resources */ = {
			isa = PBXResourcesBuildPhase;
			buildActionMask = 2147483647;
			files = (
			);
			runOnlyForDeploymentPostprocessing = 0;
		};
		371F087C1CE0FACD006EDE77 /* Resources */ = {
			isa = PBXResourcesBuildPhase;
			buildActionMask = 2147483647;
			files = (
			);
			runOnlyForDeploymentPostprocessing = 0;
		};
/* End PBXResourcesBuildPhase section */

/* Begin PBXSourcesBuildPhase section */
		371F08581CE0FACD006EDE77 /* Sources */ = {
			isa = PBXSourcesBuildPhase;
			buildActionMask = 2147483647;
			files = (
				371F08681CE0FACD006EDE77 /* StepCounter.xcdatamodeld in Sources */,
				371F08621CE0FACD006EDE77 /* ViewController.swift in Sources */,
				371F08601CE0FACD006EDE77 /* AppDelegate.swift in Sources */,
			);
			runOnlyForDeploymentPostprocessing = 0;
		};
		371F086F1CE0FACD006EDE77 /* Sources */ = {
			isa = PBXSourcesBuildPhase;
			buildActionMask = 2147483647;
			files = (
				371F08781CE0FACD006EDE77 /* StepCounterTests.swift in Sources */,
			);
			runOnlyForDeploymentPostprocessing = 0;
		};
		371F087A1CE0FACD006EDE77 /* Sources */ = {
			isa = PBXSourcesBuildPhase;
			buildActionMask = 2147483647;
			files = (
				371F08831CE0FACD006EDE77 /* StepCounterUITests.swift in Sources */,
			);
			runOnlyForDeploymentPostprocessing = 0;
		};
/* End PBXSourcesBuildPhase section */

/* Begin PBXTargetDependency section */
		371F08751CE0FACD006EDE77 /* PBXTargetDependency */ = {
			isa = PBXTargetDependency;
			target = 371F085B1CE0FACD006EDE77 /* StepCounter */;
			targetProxy = 371F08741CE0FACD006EDE77 /* PBXContainerItemProxy */;
		};
		371F08801CE0FACD006EDE77 /* PBXTargetDependency */ = {
			isa = PBXTargetDependency;
			target = 371F085B1CE0FACD006EDE77 /* StepCounter */;
			targetProxy = 371F087F1CE0FACD006EDE77 /* PBXContainerItemProxy */;
		};
/* End PBXTargetDependency section */

/* Begin PBXVariantGroup section */
		371F08631CE0FACD006EDE77 /* Main.storyboard */ = {
			isa = PBXVariantGroup;
			children = (
				371F08641CE0FACD006EDE77 /* Base */,
			);
			name = Main.storyboard;
			sourceTree = "<group>";
		};
		371F086B1CE0FACD006EDE77 /* LaunchScreen.storyboard */ = {
			isa = PBXVariantGroup;
			children = (
				371F086C1CE0FACD006EDE77 /* Base */,
			);
			name = LaunchScreen.storyboard;
			sourceTree = "<group>";
		};
/* End PBXVariantGroup section */

/* Begin XCBuildConfiguration section */
		371F08851CE0FACD006EDE77 /* Debug */ = {
			isa = XCBuildConfiguration;
			buildSettings = {
				ALWAYS_SEARCH_USER_PATHS = NO;
				CLANG_ANALYZER_NONNULL = YES;
				CLANG_CXX_LANGUAGE_STANDARD = "gnu++0x";
				CLANG_CXX_LIBRARY = "libc++";
				CLANG_ENABLE_MODULES = YES;
				CLANG_ENABLE_OBJC_ARC = YES;
				CLANG_WARN_BOOL_CONVERSION = YES;
				CLANG_WARN_CONSTANT_CONVERSION = YES;
				CLANG_WARN_DIRECT_OBJC_ISA_USAGE = YES_ERROR;
				CLANG_WARN_EMPTY_BODY = YES;
				CLANG_WARN_ENUM_CONVERSION = YES;
				CLANG_WARN_INT_CONVERSION = YES;
				CLANG_WARN_OBJC_ROOT_CLASS = YES_ERROR;
				CLANG_WARN_UNREACHABLE_CODE = YES;
				CLANG_WARN__DUPLICATE_METHOD_MATCH = YES;
				"CODE_SIGN_IDENTITY[sdk=iphoneos*]" = "iPhone Developer";
				COPY_PHASE_STRIP = NO;
				DEBUG_INFORMATION_FORMAT = dwarf;
				ENABLE_STRICT_OBJC_MSGSEND = YES;
				ENABLE_TESTABILITY = YES;
				GCC_C_LANGUAGE_STANDARD = gnu99;
				GCC_DYNAMIC_NO_PIC = NO;
				GCC_NO_COMMON_BLOCKS = YES;
				GCC_OPTIMIZATION_LEVEL = 0;
				GCC_PREPROCESSOR_DEFINITIONS = (
					"DEBUG=1",
					"$(inherited)",
				);
				GCC_WARN_64_TO_32_BIT_CONVERSION = YES;
				GCC_WARN_ABOUT_RETURN_TYPE = YES_ERROR;
				GCC_WARN_UNDECLARED_SELECTOR = YES;
				GCC_WARN_UNINITIALIZED_AUTOS = YES_AGGRESSIVE;
				GCC_WARN_UNUSED_FUNCTION = YES;
				GCC_WARN_UNUSED_VARIABLE = YES;
				IPHONEOS_DEPLOYMENT_TARGET = 9.3;
				MTL_ENABLE_DEBUG_INFO = YES;
				ONLY_ACTIVE_ARCH = YES;
				SDKROOT = iphoneos;
				SWIFT_OPTIMIZATION_LEVEL = "-Onone";
				TARGETED_DEVICE_FAMILY = "1,2";
			};
			name = Debug;
		};
		371F08861CE0FACD006EDE77 /* Release */ = {
			isa = XCBuildConfiguration;
			buildSettings = {
				ALWAYS_SEARCH_USER_PATHS = NO;
				CLANG_ANALYZER_NONNULL = YES;
				CLANG_CXX_LANGUAGE_STANDARD = "gnu++0x";
				CLANG_CXX_LIBRARY = "libc++";
				CLANG_ENABLE_MODULES = YES;
				CLANG_ENABLE_OBJC_ARC = YES;
				CLANG_WARN_BOOL_CONVERSION = YES;
				CLANG_WARN_CONSTANT_CONVERSION = YES;
				CLANG_WARN_DIRECT_OBJC_ISA_USAGE = YES_ERROR;
				CLANG_WARN_EMPTY_BODY = YES;
				CLANG_WARN_ENUM_CONVERSION = YES;
				CLANG_WARN_INT_CONVERSION = YES;
				CLANG_WARN_OBJC_ROOT_CLASS = YES_ERROR;
				CLANG_WARN_UNREACHABLE_CODE = YES;
				CLANG_WARN__DUPLICATE_METHOD_MATCH = YES;
				"CODE_SIGN_IDENTITY[sdk=iphoneos*]" = "iPhone Developer";
				COPY_PHASE_STRIP = NO;
				DEBUG_INFORMATION_FORMAT = "dwarf-with-dsym";
				ENABLE_NS_ASSERTIONS = NO;
				ENABLE_STRICT_OBJC_MSGSEND = YES;
				GCC_C_LANGUAGE_STANDARD = gnu99;
				GCC_NO_COMMON_BLOCKS = YES;
				GCC_WARN_64_TO_32_BIT_CONVERSION = YES;
				GCC_WARN_ABOUT_RETURN_TYPE = YES_ERROR;
				GCC_WARN_UNDECLARED_SELECTOR = YES;
				GCC_WARN_UNINITIALIZED_AUTOS = YES_AGGRESSIVE;
				GCC_WARN_UNUSED_FUNCTION = YES;
				GCC_WARN_UNUSED_VARIABLE = YES;
				IPHONEOS_DEPLOYMENT_TARGET = 9.3;
				MTL_ENABLE_DEBUG_INFO = NO;
				SDKROOT = iphoneos;
				TARGETED_DEVICE_FAMILY = "1,2";
				VALIDATE_PRODUCT = YES;
			};
			name = Release;
		};
		371F08881CE0FACD006EDE77 /* Debug */ = {
			isa = XCBuildConfiguration;
			buildSettings = {
				ASSETCATALOG_COMPILER_APPICON_NAME = AppIcon;
				INFOPLIST_FILE = StepCounter/Info.plist;
				LD_RUNPATH_SEARCH_PATHS = "$(inherited) @executable_path/Frameworks";
				PRODUCT_BUNDLE_IDENTIFIER = com.lucasIndustries.StepCounter;
				PRODUCT_NAME = "$(TARGET_NAME)";
			};
			name = Debug;
		};
		371F08891CE0FACD006EDE77 /* Release */ = {
			isa = XCBuildConfiguration;
			buildSettings = {
				ASSETCATALOG_COMPILER_APPICON_NAME = AppIcon;
				INFOPLIST_FILE = StepCounter/Info.plist;
				LD_RUNPATH_SEARCH_PATHS = "$(inherited) @executable_path/Frameworks";
				PRODUCT_BUNDLE_IDENTIFIER = com.lucasIndustries.StepCounter;
				PRODUCT_NAME = "$(TARGET_NAME)";
			};
			name = Release;
		};
		371F088B1CE0FACD006EDE77 /* Debug */ = {
			isa = XCBuildConfiguration;
			buildSettings = {
				BUNDLE_LOADER = "$(TEST_HOST)";
				INFOPLIST_FILE = StepCounterTests/Info.plist;
				LD_RUNPATH_SEARCH_PATHS = "$(inherited) @executable_path/Frameworks @loader_path/Frameworks";
				PRODUCT_BUNDLE_IDENTIFIER = com.lucasIndustries.StepCounterTests;
				PRODUCT_NAME = "$(TARGET_NAME)";
				TEST_HOST = "$(BUILT_PRODUCTS_DIR)/StepCounter.app/StepCounter";
			};
			name = Debug;
		};
		371F088C1CE0FACD006EDE77 /* Release */ = {
			isa = XCBuildConfiguration;
			buildSettings = {
				BUNDLE_LOADER = "$(TEST_HOST)";
				INFOPLIST_FILE = StepCounterTests/Info.plist;
				LD_RUNPATH_SEARCH_PATHS = "$(inherited) @executable_path/Frameworks @loader_path/Frameworks";
				PRODUCT_BUNDLE_IDENTIFIER = com.lucasIndustries.StepCounterTests;
				PRODUCT_NAME = "$(TARGET_NAME)";
				TEST_HOST = "$(BUILT_PRODUCTS_DIR)/StepCounter.app/StepCounter";
			};
			name = Release;
		};
		371F088E1CE0FACD006EDE77 /* Debug */ = {
			isa = XCBuildConfiguration;
			buildSettings = {
				INFOPLIST_FILE = StepCounterUITests/Info.plist;
				LD_RUNPATH_SEARCH_PATHS = "$(inherited) @executable_path/Frameworks @loader_path/Frameworks";
				PRODUCT_BUNDLE_IDENTIFIER = com.lucasIndustries.StepCounterUITests;
				PRODUCT_NAME = "$(TARGET_NAME)";
				TEST_TARGET_NAME = StepCounter;
			};
			name = Debug;
		};
		371F088F1CE0FACD006EDE77 /* Release */ = {
			isa = XCBuildConfiguration;
			buildSettings = {
				INFOPLIST_FILE = StepCounterUITests/Info.plist;
				LD_RUNPATH_SEARCH_PATHS = "$(inherited) @executable_path/Frameworks @loader_path/Frameworks";
				PRODUCT_BUNDLE_IDENTIFIER = com.lucasIndustries.StepCounterUITests;
				PRODUCT_NAME = "$(TARGET_NAME)";
				TEST_TARGET_NAME = StepCounter;
			};
			name = Release;
		};
/* End XCBuildConfiguration section */

/* Begin XCConfigurationList section */
		371F08571CE0FACD006EDE77 /* Build configuration list for PBXProject "StepCounter" */ = {
			isa = XCConfigurationList;
			buildConfigurations = (
				371F08851CE0FACD006EDE77 /* Debug */,
				371F08861CE0FACD006EDE77 /* Release */,
			);
			defaultConfigurationIsVisible = 0;
			defaultConfigurationName = Release;
		};
		371F08871CE0FACD006EDE77 /* Build configuration list for PBXNativeTarget "StepCounter" */ = {
			isa = XCConfigurationList;
			buildConfigurations = (
				371F08881CE0FACD006EDE77 /* Debug */,
				371F08891CE0FACD006EDE77 /* Release */,
			);
			defaultConfigurationIsVisible = 0;
		};
		371F088A1CE0FACD006EDE77 /* Build configuration list for PBXNativeTarget "StepCounterTests" */ = {
			isa = XCConfigurationList;
			buildConfigurations = (
				371F088B1CE0FACD006EDE77 /* Debug */,
				371F088C1CE0FACD006EDE77 /* Release */,
			);
			defaultConfigurationIsVisible = 0;
		};
		371F088D1CE0FACD006EDE77 /* Build configuration list for PBXNativeTarget "StepCounterUITests" */ = {
			isa = XCConfigurationList;
			buildConfigurations = (
				371F088E1CE0FACD006EDE77 /* Debug */,
				371F088F1CE0FACD006EDE77 /* Release */,
			);
			defaultConfigurationIsVisible = 0;
		};
/* End XCConfigurationList section */

/* Begin XCVersionGroup section */
		371F08661CE0FACD006EDE77 /* StepCounter.xcdatamodeld */ = {
			isa = XCVersionGroup;
			children = (
				371F08671CE0FACD006EDE77 /* StepCounter.xcdatamodel */,
			);
			currentVersion = 371F08671CE0FACD006EDE77 /* StepCounter.xcdatamodel */;
			path = StepCounter.xcdatamodeld;
			sourceTree = "<group>";
			versionGroupType = wrapper.xcdatamodel;
		};
/* End XCVersionGroup section */
	};
	rootObject = 371F08541CE0FACD006EDE77 /* Project object */;
}
